
Microsoft Visual Studio Solution File, Format Version 12.00
# Visual Studio Version 16
VisualStudioVersion = 16.0.28803.352
MinimumVisualStudioVersion = 10.0.40219.1
Project("{8BC9CEB8-8B4A-11D0-8D11-00A0C91BC942}") = "PriorityQueue", "PriorityQueueAndDijkstra\PriorityQueueAndDijkstra.vcxproj", "{694155AF-78E2-4D43-9F10-BC08397281F3}"
EndProject
Project("{8BC9CEB8-8B4A-11D0-8D11-00A0C91BC942}") = "Graphs", "DijkstraPath\DijkstraPath.vcxproj", "{F4A5881B-7B45-4B43-9FCE-3F383C252CA6}"
EndProject
Project("{8BC9CEB8-8B4A-11D0-8D11-00A0C91BC942}") = "Sorting", "Sorting\Sorting.vcxproj", "{6FC8216E-EB67-4FD3-88A8-C51F266ED72B}"
EndProject
Project("{8BC9CEB8-8B4A-11D0-8D11-00A0C91BC942}") = "List", "List\List.vcxproj", "{389E2437-4658-4BB6-AC3C-65ABFF3E59C9}"
EndProject
Global
	GlobalSection(SolutionConfigurationPlatforms) = preSolution
		Debug|x64 = Debug|x64
		Debug|x86 = Debug|x86
		Release|x64 = Release|x64
		Release|x86 = Release|x86
	EndGlobalSection
	GlobalSection(ProjectConfigurationPlatforms) = postSolution
		{694155AF-78E2-4D43-9F10-BC08397281F3}.Debug|x64.ActiveCfg = Debug|x64
		{694155AF-78E2-4D43-9F10-BC08397281F3}.Debug|x64.Build.0 = Debug|x64
		{694155AF-78E2-4D43-9F10-BC08397281F3}.Debug|x86.ActiveCfg = Debug|Win32
		{694155AF-78E2-4D43-9F10-BC08397281F3}.Debug|x86.Build.0 = Debug|Win32
		{694155AF-78E2-4D43-9F10-BC08397281F3}.Release|x64.ActiveCfg = Release|x64
		{694155AF-78E2-4D43-9F10-BC08397281F3}.Release|x64.Build.0 = Release|x64
		{694155AF-78E2-4D43-9F10-BC08397281F3}.Release|x86.ActiveCfg = Release|Win32
		{694155AF-78E2-4D43-9F10-BC08397281F3}.Release|x86.Build.0 = Release|Win32
		{F4A5881B-7B45-4B43-9FCE-3F383C252CA6}.Debug|x64.ActiveCfg = Debug|x64
		{F4A5881B-7B45-4B43-9FCE-3F383C252CA6}.Debug|x64.Build.0 = Debug|x64
		{F4A5881B-7B45-4B43-9FCE-3F383C252CA6}.Debug|x86.ActiveCfg = Debug|Win32
		{F4A5881B-7B45-4B43-9FCE-3F383C252CA6}.Debug|x86.Build.0 = Debug|Win32
		{F4A5881B-7B45-4B43-9FCE-3F383C252CA6}.Release|x64.ActiveCfg = Release|x64
		{F4A5881B-7B45-4B43-9FCE-3F383C252CA6}.Release|x64.Build.0 = Release|x64
		{F4A5881B-7B45-4B43-9FCE-3F383C252CA6}.Release|x86.ActiveCfg = Release|Win32
		{F4A5881B-7B45-4B43-9FCE-3F383C252CA6}.Release|x86.Build.0 = Release|Win32
		{6FC8216E-EB67-4FD3-88A8-C51F266ED72B}.Debug|x64.ActiveCfg = Debug|x64
		{6FC8216E-EB67-4FD3-88A8-C51F266ED72B}.Debug|x64.Build.0 = Debug|x64
		{6FC8216E-EB67-4FD3-88A8-C51F266ED72B}.Debug|x86.ActiveCfg = Debug|Win32
		{6FC8216E-EB67-4FD3-88A8-C51F266ED72B}.Debug|x86.Build.0 = Debug|Win32
		{6FC8216E-EB67-4FD3-88A8-C51F266ED72B}.Release|x64.ActiveCfg = Release|x64
		{6FC8216E-EB67-4FD3-88A8-C51F266ED72B}.Release|x64.Build.0 = Release|x64
		{6FC8216E-EB67-4FD3-88A8-C51F266ED72B}.Release|x86.ActiveCfg = Release|Win32
		{6FC8216E-EB67-4FD3-88A8-C51F266ED72B}.Release|x86.Build.0 = Release|Win32
		{389E2437-4658-4BB6-AC3C-65ABFF3E59C9}.Debug|x64.ActiveCfg = Debug|x64
		{389E2437-4658-4BB6-AC3C-65ABFF3E59C9}.Debug|x64.Build.0 = Debug|x64
		{389E2437-4658-4BB6-AC3C-65ABFF3E59C9}.Debug|x86.ActiveCfg = Debug|Win32
		{389E2437-4658-4BB6-AC3C-65ABFF3E59C9}.Debug|x86.Build.0 = Debug|Win32
		{389E2437-4658-4BB6-AC3C-65ABFF3E59C9}.Release|x64.ActiveCfg = Release|x64
		{389E2437-4658-4BB6-AC3C-65ABFF3E59C9}.Release|x64.Build.0 = Release|x64
		{389E2437-4658-4BB6-AC3C-65ABFF3E59C9}.Release|x86.ActiveCfg = Release|Win32
		{389E2437-4658-4BB6-AC3C-65ABFF3E59C9}.Release|x86.Build.0 = Release|Win32
	EndGlobalSection
	GlobalSection(SolutionProperties) = preSolution
		HideSolutionNode = FALSE
	EndGlobalSection
	GlobalSection(ExtensibilityGlobals) = postSolution
		SolutionGuid = {95A00019-B084-4FBF-A47E-B5EBB4A27942}
	EndGlobalSection
EndGlobal
