
Microsoft Visual Studio Solution File, Format Version 12.00
# Visual Studio Version 16
VisualStudioVersion = 16.0.28803.352
MinimumVisualStudioVersion = 10.0.40219.1
Project("{8BC9CEB8-8B4A-11D0-8D11-00A0C91BC942}") = "PriorityQueue", "PriorityQueue\PriorityQueue.vcxproj", "{694155AF-78E2-4D43-9F10-BC08397281F3}"
EndProject
Project("{8BC9CEB8-8B4A-11D0-8D11-00A0C91BC942}") = "Sorting", "Sorting\Sorting.vcxproj", "{6FC8216E-EB67-4FD3-88A8-C51F266ED72B}"
EndProject
Project("{8BC9CEB8-8B4A-11D0-8D11-00A0C91BC942}") = "List", "List\List.vcxproj", "{389E2437-4658-4BB6-AC3C-65ABFF3E59C9}"
EndProject
Project("{8BC9CEB8-8B4A-11D0-8D11-00A0C91BC942}") = "Graphs", "Graphs\Graphs.vcxproj", "{D50C61D9-E629-47C5-8984-37CD8C808D25}"
EndProject
Project("{8BC9CEB8-8B4A-11D0-8D11-00A0C91BC942}") = "Trees", "Trees\Trees.vcxproj", "{A67429CC-92F5-4ACE-A416-9DB285FBDC56}"
EndProject
Project("{8BC9CEB8-8B4A-11D0-8D11-00A0C91BC942}") = "Randomizer", "Randomizer\Randomizer.vcxproj", "{A5C8BD25-D476-47A7-BD9C-ADE5A164AEED}"
EndProject
Project("{8BC9CEB8-8B4A-11D0-8D11-00A0C91BC942}") = "GraphFlows", "GraphFlows\GraphFlows.vcxproj", "{00A9B8D7-355E-4039-9F43-B0114F011496}"
EndProject
Project("{8BC9CEB8-8B4A-11D0-8D11-00A0C91BC942}") = "DFA_Matching", "DFA_Matching\DFA_Matching.vcxproj", "{92391B66-EF4A-47D0-AC70-8E49345A6EF7}"
EndProject
Project("{8BC9CEB8-8B4A-11D0-8D11-00A0C91BC942}") = "C_FIFO+LIST", "C_FIFO_LIST\C_FIFO_LIST.vcxproj", "{6820C4D6-0F98-4D48-9417-B6DAC15E3912}"
EndProject
Project("{8BC9CEB8-8B4A-11D0-8D11-00A0C91BC942}") = "Sorting_2", "Sorting_2\Sorting_2.vcxproj", "{489FE33D-55C8-45DF-8E68-D20BF6729B63}"
EndProject
Global
	GlobalSection(SolutionConfigurationPlatforms) = preSolution
		Debug|x64 = Debug|x64
		Debug|x86 = Debug|x86
		Release|x64 = Release|x64
		Release|x86 = Release|x86
	EndGlobalSection
	GlobalSection(ProjectConfigurationPlatforms) = postSolution
		{694155AF-78E2-4D43-9F10-BC08397281F3}.Debug|x64.ActiveCfg = Debug|x64
		{694155AF-78E2-4D43-9F10-BC08397281F3}.Debug|x64.Build.0 = Debug|x64
		{694155AF-78E2-4D43-9F10-BC08397281F3}.Debug|x86.ActiveCfg = Debug|Win32
		{694155AF-78E2-4D43-9F10-BC08397281F3}.Debug|x86.Build.0 = Debug|Win32
		{694155AF-78E2-4D43-9F10-BC08397281F3}.Release|x64.ActiveCfg = Release|x64
		{694155AF-78E2-4D43-9F10-BC08397281F3}.Release|x64.Build.0 = Release|x64
		{694155AF-78E2-4D43-9F10-BC08397281F3}.Release|x86.ActiveCfg = Release|Win32
		{694155AF-78E2-4D43-9F10-BC08397281F3}.Release|x86.Build.0 = Release|Win32
		{6FC8216E-EB67-4FD3-88A8-C51F266ED72B}.Debug|x64.ActiveCfg = Debug|x64
		{6FC8216E-EB67-4FD3-88A8-C51F266ED72B}.Debug|x64.Build.0 = Debug|x64
		{6FC8216E-EB67-4FD3-88A8-C51F266ED72B}.Debug|x86.ActiveCfg = Debug|Win32
		{6FC8216E-EB67-4FD3-88A8-C51F266ED72B}.Debug|x86.Build.0 = Debug|Win32
		{6FC8216E-EB67-4FD3-88A8-C51F266ED72B}.Release|x64.ActiveCfg = Release|x64
		{6FC8216E-EB67-4FD3-88A8-C51F266ED72B}.Release|x64.Build.0 = Release|x64
		{6FC8216E-EB67-4FD3-88A8-C51F266ED72B}.Release|x86.ActiveCfg = Release|Win32
		{6FC8216E-EB67-4FD3-88A8-C51F266ED72B}.Release|x86.Build.0 = Release|Win32
		{389E2437-4658-4BB6-AC3C-65ABFF3E59C9}.Debug|x64.ActiveCfg = Debug|x64
		{389E2437-4658-4BB6-AC3C-65ABFF3E59C9}.Debug|x64.Build.0 = Debug|x64
		{389E2437-4658-4BB6-AC3C-65ABFF3E59C9}.Debug|x86.ActiveCfg = Debug|Win32
		{389E2437-4658-4BB6-AC3C-65ABFF3E59C9}.Debug|x86.Build.0 = Debug|Win32
		{389E2437-4658-4BB6-AC3C-65ABFF3E59C9}.Release|x64.ActiveCfg = Release|x64
		{389E2437-4658-4BB6-AC3C-65ABFF3E59C9}.Release|x64.Build.0 = Release|x64
		{389E2437-4658-4BB6-AC3C-65ABFF3E59C9}.Release|x86.ActiveCfg = Release|Win32
		{389E2437-4658-4BB6-AC3C-65ABFF3E59C9}.Release|x86.Build.0 = Release|Win32
		{D50C61D9-E629-47C5-8984-37CD8C808D25}.Debug|x64.ActiveCfg = Debug|x64
		{D50C61D9-E629-47C5-8984-37CD8C808D25}.Debug|x64.Build.0 = Debug|x64
		{D50C61D9-E629-47C5-8984-37CD8C808D25}.Debug|x86.ActiveCfg = Debug|Win32
		{D50C61D9-E629-47C5-8984-37CD8C808D25}.Debug|x86.Build.0 = Debug|Win32
		{D50C61D9-E629-47C5-8984-37CD8C808D25}.Release|x64.ActiveCfg = Release|x64
		{D50C61D9-E629-47C5-8984-37CD8C808D25}.Release|x64.Build.0 = Release|x64
		{D50C61D9-E629-47C5-8984-37CD8C808D25}.Release|x86.ActiveCfg = Release|Win32
		{D50C61D9-E629-47C5-8984-37CD8C808D25}.Release|x86.Build.0 = Release|Win32
		{A67429CC-92F5-4ACE-A416-9DB285FBDC56}.Debug|x64.ActiveCfg = Debug|x64
		{A67429CC-92F5-4ACE-A416-9DB285FBDC56}.Debug|x64.Build.0 = Debug|x64
		{A67429CC-92F5-4ACE-A416-9DB285FBDC56}.Debug|x86.ActiveCfg = Debug|Win32
		{A67429CC-92F5-4ACE-A416-9DB285FBDC56}.Debug|x86.Build.0 = Debug|Win32
		{A67429CC-92F5-4ACE-A416-9DB285FBDC56}.Release|x64.ActiveCfg = Release|x64
		{A67429CC-92F5-4ACE-A416-9DB285FBDC56}.Release|x64.Build.0 = Release|x64
		{A67429CC-92F5-4ACE-A416-9DB285FBDC56}.Release|x86.ActiveCfg = Release|Win32
		{A67429CC-92F5-4ACE-A416-9DB285FBDC56}.Release|x86.Build.0 = Release|Win32
		{A5C8BD25-D476-47A7-BD9C-ADE5A164AEED}.Debug|x64.ActiveCfg = Debug|x64
		{A5C8BD25-D476-47A7-BD9C-ADE5A164AEED}.Debug|x64.Build.0 = Debug|x64
		{A5C8BD25-D476-47A7-BD9C-ADE5A164AEED}.Debug|x86.ActiveCfg = Debug|Win32
		{A5C8BD25-D476-47A7-BD9C-ADE5A164AEED}.Debug|x86.Build.0 = Debug|Win32
		{A5C8BD25-D476-47A7-BD9C-ADE5A164AEED}.Release|x64.ActiveCfg = Release|x64
		{A5C8BD25-D476-47A7-BD9C-ADE5A164AEED}.Release|x64.Build.0 = Release|x64
		{A5C8BD25-D476-47A7-BD9C-ADE5A164AEED}.Release|x86.ActiveCfg = Release|Win32
		{A5C8BD25-D476-47A7-BD9C-ADE5A164AEED}.Release|x86.Build.0 = Release|Win32
		{00A9B8D7-355E-4039-9F43-B0114F011496}.Debug|x64.ActiveCfg = Debug|x64
		{00A9B8D7-355E-4039-9F43-B0114F011496}.Debug|x64.Build.0 = Debug|x64
		{00A9B8D7-355E-4039-9F43-B0114F011496}.Debug|x86.ActiveCfg = Debug|Win32
		{00A9B8D7-355E-4039-9F43-B0114F011496}.Debug|x86.Build.0 = Debug|Win32
		{00A9B8D7-355E-4039-9F43-B0114F011496}.Release|x64.ActiveCfg = Release|x64
		{00A9B8D7-355E-4039-9F43-B0114F011496}.Release|x64.Build.0 = Release|x64
		{00A9B8D7-355E-4039-9F43-B0114F011496}.Release|x86.ActiveCfg = Release|Win32
		{00A9B8D7-355E-4039-9F43-B0114F011496}.Release|x86.Build.0 = Release|Win32
		{92391B66-EF4A-47D0-AC70-8E49345A6EF7}.Debug|x64.ActiveCfg = Debug|x64
		{92391B66-EF4A-47D0-AC70-8E49345A6EF7}.Debug|x64.Build.0 = Debug|x64
		{92391B66-EF4A-47D0-AC70-8E49345A6EF7}.Debug|x86.ActiveCfg = Debug|Win32
		{92391B66-EF4A-47D0-AC70-8E49345A6EF7}.Debug|x86.Build.0 = Debug|Win32
		{92391B66-EF4A-47D0-AC70-8E49345A6EF7}.Release|x64.ActiveCfg = Release|x64
		{92391B66-EF4A-47D0-AC70-8E49345A6EF7}.Release|x64.Build.0 = Release|x64
		{92391B66-EF4A-47D0-AC70-8E49345A6EF7}.Release|x86.ActiveCfg = Release|Win32
		{92391B66-EF4A-47D0-AC70-8E49345A6EF7}.Release|x86.Build.0 = Release|Win32
		{6820C4D6-0F98-4D48-9417-B6DAC15E3912}.Debug|x64.ActiveCfg = Debug|x64
		{6820C4D6-0F98-4D48-9417-B6DAC15E3912}.Debug|x64.Build.0 = Debug|x64
		{6820C4D6-0F98-4D48-9417-B6DAC15E3912}.Debug|x86.ActiveCfg = Debug|Win32
		{6820C4D6-0F98-4D48-9417-B6DAC15E3912}.Debug|x86.Build.0 = Debug|Win32
		{6820C4D6-0F98-4D48-9417-B6DAC15E3912}.Release|x64.ActiveCfg = Release|x64
		{6820C4D6-0F98-4D48-9417-B6DAC15E3912}.Release|x64.Build.0 = Release|x64
		{6820C4D6-0F98-4D48-9417-B6DAC15E3912}.Release|x86.ActiveCfg = Release|Win32
		{6820C4D6-0F98-4D48-9417-B6DAC15E3912}.Release|x86.Build.0 = Release|Win32
		{489FE33D-55C8-45DF-8E68-D20BF6729B63}.Debug|x64.ActiveCfg = Debug|x64
		{489FE33D-55C8-45DF-8E68-D20BF6729B63}.Debug|x64.Build.0 = Debug|x64
		{489FE33D-55C8-45DF-8E68-D20BF6729B63}.Debug|x86.ActiveCfg = Debug|Win32
		{489FE33D-55C8-45DF-8E68-D20BF6729B63}.Debug|x86.Build.0 = Debug|Win32
		{489FE33D-55C8-45DF-8E68-D20BF6729B63}.Release|x64.ActiveCfg = Release|x64
		{489FE33D-55C8-45DF-8E68-D20BF6729B63}.Release|x64.Build.0 = Release|x64
		{489FE33D-55C8-45DF-8E68-D20BF6729B63}.Release|x86.ActiveCfg = Release|Win32
		{489FE33D-55C8-45DF-8E68-D20BF6729B63}.Release|x86.Build.0 = Release|Win32
	EndGlobalSection
	GlobalSection(SolutionProperties) = preSolution
		HideSolutionNode = FALSE
	EndGlobalSection
	GlobalSection(ExtensibilityGlobals) = postSolution
		SolutionGuid = {95A00019-B084-4FBF-A47E-B5EBB4A27942}
	EndGlobalSection
EndGlobal
